
Microsoft Visual Studio Solution File, Format Version 12.00
# Visual Studio 15
Project("{FAE04EC0-301F-11D3-BF4B-00C04F79EFBC}") = "XCharts.Runtime", "XCharts.Runtime.csproj", "{9E5BBD32-4973-8BE5-5AF8-C7FE8DEF076E}"
EndProject
Project("{FAE04EC0-301F-11D3-BF4B-00C04F79EFBC}") = "UnityEngine.TestRunner", "UnityEngine.TestRunner.csproj", "{E0284251-F313-628D-9D27-FF76EF61241F}"
EndProject
Project("{FAE04EC0-301F-11D3-BF4B-00C04F79EFBC}") = "XCharts.Examples", "XCharts.Examples.csproj", "{C50CDF7C-BA0F-6A74-4D57-171EA563BFCE}"
EndProject
Project("{FAE04EC0-301F-11D3-BF4B-00C04F79EFBC}") = "UnityEngine.XR.LegacyInputHelpers", "UnityEngine.XR.LegacyInputHelpers.csproj", "{E375DEC2-E25C-7EC6-328A-6811F8B83A8E}"
EndProject
Project("{FAE04EC0-301F-11D3-BF4B-00C04F79EFBC}") = "Unity.Timeline", "Unity.Timeline.csproj", "{6AF6EAC0-96F3-31ED-9457-68D30221548D}"
EndProject
Project("{FAE04EC0-301F-11D3-BF4B-00C04F79EFBC}") = "SteamVR", "SteamVR.csproj", "{550A1578-8727-BA25-9B28-9C04FE3C197B}"
EndProject
Project("{FAE04EC0-301F-11D3-BF4B-00C04F79EFBC}") = "Unity.TextMeshPro", "Unity.TextMeshPro.csproj", "{C7641F3C-791F-5E6A-A399-CA439F0C21DA}"
EndProject
Project("{FAE04EC0-301F-11D3-BF4B-00C04F79EFBC}") = "Assembly-CSharp", "Assembly-CSharp.csproj", "{1863DC3C-B3B7-D762-27BE-1A730A2E12F3}"
EndProject
Project("{FAE04EC0-301F-11D3-BF4B-00C04F79EFBC}") = "Unity.XR.Management", "Unity.XR.Management.csproj", "{1BFDF84D-AB7C-5453-6960-28319E2CE105}"
EndProject
Project("{FAE04EC0-301F-11D3-BF4B-00C04F79EFBC}") = "SteamVR_Actions", "SteamVR_Actions.csproj", "{81FEC769-A90B-8A97-1092-601FF0186E9D}"
EndProject
Project("{FAE04EC0-301F-11D3-BF4B-00C04F79EFBC}") = "Unity.Subsystem.Registration", "Unity.Subsystem.Registration.csproj", "{B5B8B4E6-BC6E-994F-4F9D-2026E4BCB5A5}"
EndProject
Project("{FAE04EC0-301F-11D3-BF4B-00C04F79EFBC}") = "UnityEngine.SpatialTracking", "UnityEngine.SpatialTracking.csproj", "{6A82A0D2-6BC8-C91C-8458-74D019F48713}"
EndProject
Project("{FAE04EC0-301F-11D3-BF4B-00C04F79EFBC}") = "Unity.XR.Management.Editor", "Unity.XR.Management.Editor.csproj", "{1A2BA66A-7942-D5C1-0377-033C68F58733}"
EndProject
Project("{FAE04EC0-301F-11D3-BF4B-00C04F79EFBC}") = "UnityEditor.TestRunner", "UnityEditor.TestRunner.csproj", "{449C92E8-9465-C783-D719-6F79946B7AA7}"
EndProject
Project("{FAE04EC0-301F-11D3-BF4B-00C04F79EFBC}") = "Unity.PlasticSCM.Editor", "Unity.PlasticSCM.Editor.csproj", "{47E7F46D-226A-19D5-E957-05B02E8F828C}"
EndProject
Project("{FAE04EC0-301F-11D3-BF4B-00C04F79EFBC}") = "Unity.CollabProxy.Editor", "Unity.CollabProxy.Editor.csproj", "{EC5BF404-623F-A7BA-718A-62CA33D64753}"
EndProject
Project("{FAE04EC0-301F-11D3-BF4B-00C04F79EFBC}") = "Unity.Timeline.Editor", "Unity.Timeline.Editor.csproj", "{3CB16100-7952-AD2A-834E-2EBEAD32E701}"
EndProject
Project("{FAE04EC0-301F-11D3-BF4B-00C04F79EFBC}") = "Unity.VisualStudio.Editor", "Unity.VisualStudio.Editor.csproj", "{9BE07F36-F0FA-12B9-C9E2-F0049B85FAA3}"
EndProject
Project("{FAE04EC0-301F-11D3-BF4B-00C04F79EFBC}") = "XCharts.Editor", "XCharts.Editor.csproj", "{C662DBC2-C30B-D821-07BD-61DE1E784F0C}"
EndProject
Project("{FAE04EC0-301F-11D3-BF4B-00C04F79EFBC}") = "Unity.TextMeshPro.Editor", "Unity.TextMeshPro.Editor.csproj", "{98F482AC-AD82-64D5-385B-D958DF2820F7}"
EndProject
Project("{FAE04EC0-301F-11D3-BF4B-00C04F79EFBC}") = "Unity.Rider.Editor", "Unity.Rider.Editor.csproj", "{376E6C7C-64E4-E367-3C17-DDC2D153E6F0}"
EndProject
Project("{FAE04EC0-301F-11D3-BF4B-00C04F79EFBC}") = "SteamVR_Input_Editor", "SteamVR_Input_Editor.csproj", "{3C34A14C-CAB2-1367-872A-F72AA2702B3C}"
EndProject
Project("{FAE04EC0-301F-11D3-BF4B-00C04F79EFBC}") = "UnityEditor.XR.LegacyInputHelpers", "UnityEditor.XR.LegacyInputHelpers.csproj", "{4AF69469-1EEA-549D-776A-FC316AC6E001}"
EndProject
Project("{FAE04EC0-301F-11D3-BF4B-00C04F79EFBC}") = "SteamVR_Editor", "SteamVR_Editor.csproj", "{903B1B44-05C0-92F1-84AD-EC5F65AFC7CE}"
EndProject
Project("{FAE04EC0-301F-11D3-BF4B-00C04F79EFBC}") = "Unity.VSCode.Editor", "Unity.VSCode.Editor.csproj", "{C1E232C6-26F3-57B3-3018-FC689BB660E0}"
EndProject
Project("{FAE04EC0-301F-11D3-BF4B-00C04F79EFBC}") = "UnityEditor.SpatialTracking", "UnityEditor.SpatialTracking.csproj", "{3E386520-7DD2-ACDE-B58C-27AE3FCA9F73}"
EndProject
Project("{FAE04EC0-301F-11D3-BF4B-00C04F79EFBC}") = "SteamVR_Windows_EditorHelper", "SteamVR_Windows_EditorHelper.csproj", "{1A803427-4778-2C98-B1B6-80023C68547B}"
EndProject
Global
	GlobalSection(SolutionConfigurationPlatforms) = preSolution
		Debug|Any CPU = Debug|Any CPU
		Release|Any CPU = Release|Any CPU
	EndGlobalSection
	GlobalSection(ProjectConfigurationPlatforms) = postSolution
		{9E5BBD32-4973-8BE5-5AF8-C7FE8DEF076E}.Debug|Any CPU.ActiveCfg = Debug|Any CPU
		{9E5BBD32-4973-8BE5-5AF8-C7FE8DEF076E}.Debug|Any CPU.Build.0 = Debug|Any CPU
		{9E5BBD32-4973-8BE5-5AF8-C7FE8DEF076E}.Release|Any CPU.ActiveCfg = Release|Any CPU
		{9E5BBD32-4973-8BE5-5AF8-C7FE8DEF076E}.Release|Any CPU.Build.0 = Release|Any CPU
		{E0284251-F313-628D-9D27-FF76EF61241F}.Debug|Any CPU.ActiveCfg = Debug|Any CPU
		{E0284251-F313-628D-9D27-FF76EF61241F}.Debug|Any CPU.Build.0 = Debug|Any CPU
		{E0284251-F313-628D-9D27-FF76EF61241F}.Release|Any CPU.ActiveCfg = Release|Any CPU
		{E0284251-F313-628D-9D27-FF76EF61241F}.Release|Any CPU.Build.0 = Release|Any CPU
		{C50CDF7C-BA0F-6A74-4D57-171EA563BFCE}.Debug|Any CPU.ActiveCfg = Debug|Any CPU
		{C50CDF7C-BA0F-6A74-4D57-171EA563BFCE}.Debug|Any CPU.Build.0 = Debug|Any CPU
		{C50CDF7C-BA0F-6A74-4D57-171EA563BFCE}.Release|Any CPU.ActiveCfg = Release|Any CPU
		{C50CDF7C-BA0F-6A74-4D57-171EA563BFCE}.Release|Any CPU.Build.0 = Release|Any CPU
		{E375DEC2-E25C-7EC6-328A-6811F8B83A8E}.Debug|Any CPU.ActiveCfg = Debug|Any CPU
		{E375DEC2-E25C-7EC6-328A-6811F8B83A8E}.Debug|Any CPU.Build.0 = Debug|Any CPU
		{E375DEC2-E25C-7EC6-328A-6811F8B83A8E}.Release|Any CPU.ActiveCfg = Release|Any CPU
		{E375DEC2-E25C-7EC6-328A-6811F8B83A8E}.Release|Any CPU.Build.0 = Release|Any CPU
		{6AF6EAC0-96F3-31ED-9457-68D30221548D}.Debug|Any CPU.ActiveCfg = Debug|Any CPU
		{6AF6EAC0-96F3-31ED-9457-68D30221548D}.Debug|Any CPU.Build.0 = Debug|Any CPU
		{6AF6EAC0-96F3-31ED-9457-68D30221548D}.Release|Any CPU.ActiveCfg = Release|Any CPU
		{6AF6EAC0-96F3-31ED-9457-68D30221548D}.Release|Any CPU.Build.0 = Release|Any CPU
		{550A1578-8727-BA25-9B28-9C04FE3C197B}.Debug|Any CPU.ActiveCfg = Debug|Any CPU
		{550A1578-8727-BA25-9B28-9C04FE3C197B}.Debug|Any CPU.Build.0 = Debug|Any CPU
		{550A1578-8727-BA25-9B28-9C04FE3C197B}.Release|Any CPU.ActiveCfg = Release|Any CPU
		{550A1578-8727-BA25-9B28-9C04FE3C197B}.Release|Any CPU.Build.0 = Release|Any CPU
		{C7641F3C-791F-5E6A-A399-CA439F0C21DA}.Debug|Any CPU.ActiveCfg = Debug|Any CPU
		{C7641F3C-791F-5E6A-A399-CA439F0C21DA}.Debug|Any CPU.Build.0 = Debug|Any CPU
		{C7641F3C-791F-5E6A-A399-CA439F0C21DA}.Release|Any CPU.ActiveCfg = Release|Any CPU
		{C7641F3C-791F-5E6A-A399-CA439F0C21DA}.Release|Any CPU.Build.0 = Release|Any CPU
		{1863DC3C-B3B7-D762-27BE-1A730A2E12F3}.Debug|Any CPU.ActiveCfg = Debug|Any CPU
		{1863DC3C-B3B7-D762-27BE-1A730A2E12F3}.Debug|Any CPU.Build.0 = Debug|Any CPU
		{1863DC3C-B3B7-D762-27BE-1A730A2E12F3}.Release|Any CPU.ActiveCfg = Release|Any CPU
		{1863DC3C-B3B7-D762-27BE-1A730A2E12F3}.Release|Any CPU.Build.0 = Release|Any CPU
		{1BFDF84D-AB7C-5453-6960-28319E2CE105}.Debug|Any CPU.ActiveCfg = Debug|Any CPU
		{1BFDF84D-AB7C-5453-6960-28319E2CE105}.Debug|Any CPU.Build.0 = Debug|Any CPU
		{1BFDF84D-AB7C-5453-6960-28319E2CE105}.Release|Any CPU.ActiveCfg = Release|Any CPU
		{1BFDF84D-AB7C-5453-6960-28319E2CE105}.Release|Any CPU.Build.0 = Release|Any CPU
		{81FEC769-A90B-8A97-1092-601FF0186E9D}.Debug|Any CPU.ActiveCfg = Debug|Any CPU
		{81FEC769-A90B-8A97-1092-601FF0186E9D}.Debug|Any CPU.Build.0 = Debug|Any CPU
		{81FEC769-A90B-8A97-1092-601FF0186E9D}.Release|Any CPU.ActiveCfg = Release|Any CPU
		{81FEC769-A90B-8A97-1092-601FF0186E9D}.Release|Any CPU.Build.0 = Release|Any CPU
		{B5B8B4E6-BC6E-994F-4F9D-2026E4BCB5A5}.Debug|Any CPU.ActiveCfg = Debug|Any CPU
		{B5B8B4E6-BC6E-994F-4F9D-2026E4BCB5A5}.Debug|Any CPU.Build.0 = Debug|Any CPU
		{B5B8B4E6-BC6E-994F-4F9D-2026E4BCB5A5}.Release|Any CPU.ActiveCfg = Release|Any CPU
		{B5B8B4E6-BC6E-994F-4F9D-2026E4BCB5A5}.Release|Any CPU.Build.0 = Release|Any CPU
		{6A82A0D2-6BC8-C91C-8458-74D019F48713}.Debug|Any CPU.ActiveCfg = Debug|Any CPU
		{6A82A0D2-6BC8-C91C-8458-74D019F48713}.Debug|Any CPU.Build.0 = Debug|Any CPU
		{6A82A0D2-6BC8-C91C-8458-74D019F48713}.Release|Any CPU.ActiveCfg = Release|Any CPU
		{6A82A0D2-6BC8-C91C-8458-74D019F48713}.Release|Any CPU.Build.0 = Release|Any CPU
		{1A2BA66A-7942-D5C1-0377-033C68F58733}.Debug|Any CPU.ActiveCfg = Debug|Any CPU
		{1A2BA66A-7942-D5C1-0377-033C68F58733}.Debug|Any CPU.Build.0 = Debug|Any CPU
		{1A2BA66A-7942-D5C1-0377-033C68F58733}.Release|Any CPU.ActiveCfg = Release|Any CPU
		{1A2BA66A-7942-D5C1-0377-033C68F58733}.Release|Any CPU.Build.0 = Release|Any CPU
		{449C92E8-9465-C783-D719-6F79946B7AA7}.Debug|Any CPU.ActiveCfg = Debug|Any CPU
		{449C92E8-9465-C783-D719-6F79946B7AA7}.Debug|Any CPU.Build.0 = Debug|Any CPU
		{449C92E8-9465-C783-D719-6F79946B7AA7}.Release|Any CPU.ActiveCfg = Release|Any CPU
		{449C92E8-9465-C783-D719-6F79946B7AA7}.Release|Any CPU.Build.0 = Release|Any CPU
		{47E7F46D-226A-19D5-E957-05B02E8F828C}.Debug|Any CPU.ActiveCfg = Debug|Any CPU
		{47E7F46D-226A-19D5-E957-05B02E8F828C}.Debug|Any CPU.Build.0 = Debug|Any CPU
		{47E7F46D-226A-19D5-E957-05B02E8F828C}.Release|Any CPU.ActiveCfg = Release|Any CPU
		{47E7F46D-226A-19D5-E957-05B02E8F828C}.Release|Any CPU.Build.0 = Release|Any CPU
		{EC5BF404-623F-A7BA-718A-62CA33D64753}.Debug|Any CPU.ActiveCfg = Debug|Any CPU
		{EC5BF404-623F-A7BA-718A-62CA33D64753}.Debug|Any CPU.Build.0 = Debug|Any CPU
		{EC5BF404-623F-A7BA-718A-62CA33D64753}.Release|Any CPU.ActiveCfg = Release|Any CPU
		{EC5BF404-623F-A7BA-718A-62CA33D64753}.Release|Any CPU.Build.0 = Release|Any CPU
		{3CB16100-7952-AD2A-834E-2EBEAD32E701}.Debug|Any CPU.ActiveCfg = Debug|Any CPU
		{3CB16100-7952-AD2A-834E-2EBEAD32E701}.Debug|Any CPU.Build.0 = Debug|Any CPU
		{3CB16100-7952-AD2A-834E-2EBEAD32E701}.Release|Any CPU.ActiveCfg = Release|Any CPU
		{3CB16100-7952-AD2A-834E-2EBEAD32E701}.Release|Any CPU.Build.0 = Release|Any CPU
		{9BE07F36-F0FA-12B9-C9E2-F0049B85FAA3}.Debug|Any CPU.ActiveCfg = Debug|Any CPU
		{9BE07F36-F0FA-12B9-C9E2-F0049B85FAA3}.Debug|Any CPU.Build.0 = Debug|Any CPU
		{9BE07F36-F0FA-12B9-C9E2-F0049B85FAA3}.Release|Any CPU.ActiveCfg = Release|Any CPU
		{9BE07F36-F0FA-12B9-C9E2-F0049B85FAA3}.Release|Any CPU.Build.0 = Release|Any CPU
		{C662DBC2-C30B-D821-07BD-61DE1E784F0C}.Debug|Any CPU.ActiveCfg = Debug|Any CPU
		{C662DBC2-C30B-D821-07BD-61DE1E784F0C}.Debug|Any CPU.Build.0 = Debug|Any CPU
		{C662DBC2-C30B-D821-07BD-61DE1E784F0C}.Release|Any CPU.ActiveCfg = Release|Any CPU
		{C662DBC2-C30B-D821-07BD-61DE1E784F0C}.Release|Any CPU.Build.0 = Release|Any CPU
		{98F482AC-AD82-64D5-385B-D958DF2820F7}.Debug|Any CPU.ActiveCfg = Debug|Any CPU
		{98F482AC-AD82-64D5-385B-D958DF2820F7}.Debug|Any CPU.Build.0 = Debug|Any CPU
		{98F482AC-AD82-64D5-385B-D958DF2820F7}.Release|Any CPU.ActiveCfg = Release|Any CPU
		{98F482AC-AD82-64D5-385B-D958DF2820F7}.Release|Any CPU.Build.0 = Release|Any CPU
		{376E6C7C-64E4-E367-3C17-DDC2D153E6F0}.Debug|Any CPU.ActiveCfg = Debug|Any CPU
		{376E6C7C-64E4-E367-3C17-DDC2D153E6F0}.Debug|Any CPU.Build.0 = Debug|Any CPU
		{376E6C7C-64E4-E367-3C17-DDC2D153E6F0}.Release|Any CPU.ActiveCfg = Release|Any CPU
		{376E6C7C-64E4-E367-3C17-DDC2D153E6F0}.Release|Any CPU.Build.0 = Release|Any CPU
		{3C34A14C-CAB2-1367-872A-F72AA2702B3C}.Debug|Any CPU.ActiveCfg = Debug|Any CPU
		{3C34A14C-CAB2-1367-872A-F72AA2702B3C}.Debug|Any CPU.Build.0 = Debug|Any CPU
		{3C34A14C-CAB2-1367-872A-F72AA2702B3C}.Release|Any CPU.ActiveCfg = Release|Any CPU
		{3C34A14C-CAB2-1367-872A-F72AA2702B3C}.Release|Any CPU.Build.0 = Release|Any CPU
		{4AF69469-1EEA-549D-776A-FC316AC6E001}.Debug|Any CPU.ActiveCfg = Debug|Any CPU
		{4AF69469-1EEA-549D-776A-FC316AC6E001}.Debug|Any CPU.Build.0 = Debug|Any CPU
		{4AF69469-1EEA-549D-776A-FC316AC6E001}.Release|Any CPU.ActiveCfg = Release|Any CPU
		{4AF69469-1EEA-549D-776A-FC316AC6E001}.Release|Any CPU.Build.0 = Release|Any CPU
		{903B1B44-05C0-92F1-84AD-EC5F65AFC7CE}.Debug|Any CPU.ActiveCfg = Debug|Any CPU
		{903B1B44-05C0-92F1-84AD-EC5F65AFC7CE}.Debug|Any CPU.Build.0 = Debug|Any CPU
		{903B1B44-05C0-92F1-84AD-EC5F65AFC7CE}.Release|Any CPU.ActiveCfg = Release|Any CPU
		{903B1B44-05C0-92F1-84AD-EC5F65AFC7CE}.Release|Any CPU.Build.0 = Release|Any CPU
		{C1E232C6-26F3-57B3-3018-FC689BB660E0}.Debug|Any CPU.ActiveCfg = Debug|Any CPU
		{C1E232C6-26F3-57B3-3018-FC689BB660E0}.Debug|Any CPU.Build.0 = Debug|Any CPU
		{C1E232C6-26F3-57B3-3018-FC689BB660E0}.Release|Any CPU.ActiveCfg = Release|Any CPU
		{C1E232C6-26F3-57B3-3018-FC689BB660E0}.Release|Any CPU.Build.0 = Release|Any CPU
		{3E386520-7DD2-ACDE-B58C-27AE3FCA9F73}.Debug|Any CPU.ActiveCfg = Debug|Any CPU
		{3E386520-7DD2-ACDE-B58C-27AE3FCA9F73}.Debug|Any CPU.Build.0 = Debug|Any CPU
		{3E386520-7DD2-ACDE-B58C-27AE3FCA9F73}.Release|Any CPU.ActiveCfg = Release|Any CPU
		{3E386520-7DD2-ACDE-B58C-27AE3FCA9F73}.Release|Any CPU.Build.0 = Release|Any CPU
		{1A803427-4778-2C98-B1B6-80023C68547B}.Debug|Any CPU.ActiveCfg = Debug|Any CPU
		{1A803427-4778-2C98-B1B6-80023C68547B}.Debug|Any CPU.Build.0 = Debug|Any CPU
		{1A803427-4778-2C98-B1B6-80023C68547B}.Release|Any CPU.ActiveCfg = Release|Any CPU
		{1A803427-4778-2C98-B1B6-80023C68547B}.Release|Any CPU.Build.0 = Release|Any CPU
	EndGlobalSection
	GlobalSection(SolutionProperties) = preSolution
		HideSolutionNode = FALSE
	EndGlobalSection
EndGlobal
